<?xml version="1.0" encoding="utf-8"?>
<Project ToolsVersion="4.0" xmlns="http://schemas.microsoft.com/developer/msbuild/2003">
  <ItemGroup>
    <Filter Include="Source Files">
      <UniqueIdentifier>{4FC737F1-C7A5-4376-A066-2A32D752A2FF}</UniqueIdentifier>
      <Extensions>cpp;c;cc;cxx;def;odl;idl;hpj;bat;asm;asmx</Extensions>
    </Filter>
    <Filter Include="Header Files">
      <UniqueIdentifier>{93995380-89BD-4b04-88EB-625FBE52EBFB}</UniqueIdentifier>
      <Extensions>h;hh;hpp;hxx;hm;inl;inc;ipp;xsd</Extensions>
    </Filter>
    <Filter Include="Resource Files">
      <UniqueIdentifier>{67DA6AB6-F800-4c08-8B7A-83BB121AAD01}</UniqueIdentifier>
      <Extensions>rc;ico;cur;bmp;dlg;rc2;rct;bin;rgs;gif;jpg;jpeg;jpe;resx;tiff;tif;png;wav;mfcribbon-ms</Extensions>
    </Filter>
  </ItemGroup>
  <ItemGroup>
    <ClCompile Include="easy\BinaryTree\872_Leaf_Similar_Tree.cpp">
      <Filter>Source Files</Filter>
    </ClCompile>
    <ClCompile Include="easy\BitOperation\751_IPToCIDR.cpp">
      <Filter>Source Files</Filter>
    </ClCompile>
    <ClCompile Include="easy\BitOperation\868_BinaryGap.cpp">
      <Filter>Source Files</Filter>
    </ClCompile>
    <ClCompile Include="easy\Design\346_MovingAverageFromDataStream.cpp">
      <Filter>Source Files</Filter>
    </ClCompile>
    <ClCompile Include="easy\Design\359_LoggerRateLimiter.cpp">
      <Filter>Source Files</Filter>
    </ClCompile>
    <ClCompile Include="easy\DS\339_NestedListWeightSum.cpp">
      <Filter>Source Files</Filter>
    </ClCompile>
    <ClCompile Include="easy\LinkedList\876_MiddleOfTheLinkedList.cpp">
      <Filter>Source Files</Filter>
    </ClCompile>
    <ClCompile Include="easy\Math\867_TransposeMatrix.cpp">
      <Filter>Source Files</Filter>
    </ClCompile>
    <ClCompile Include="easy\Regular\709_ToLowerCase.cpp">
      <Filter>Source Files</Filter>
    </ClCompile>
    <ClCompile Include="easy\Regular\830_PositionsOfLargeGroups.cpp">
      <Filter>Source Files</Filter>
    </ClCompile>
    <ClCompile Include="easy\String\266_PalindromePermutation.cpp">
      <Filter>Source Files</Filter>
    </ClCompile>
    <ClCompile Include="easy\String\293_FlipGame.cpp">
      <Filter>Source Files</Filter>
    </ClCompile>
    <ClCompile Include="medium\Array\209_Minumum_SizeSubArraySum_On.cpp">
      <Filter>Source Files</Filter>
    </ClCompile>
    <ClCompile Include="medium\Array\209_Minumum_SizeSubArraySum_Onlgn.cpp">
      <Filter>Source Files</Filter>
    </ClCompile>
    <ClCompile Include="medium\Array\370_RangeAddition.cpp">
      <Filter>Source Files</Filter>
    </ClCompile>
    <ClCompile Include="medium\BinaryTree\366_FindLeavesOfBinaryTree.cpp">
      <Filter>Source Files</Filter>
    </ClCompile>
    <ClCompile Include="medium\Design\348_Design_TicTacToe.cpp">
      <Filter>Source Files</Filter>
    </ClCompile>
    <ClCompile Include="medium\DP\750_NumberOfCornerRactangles.cpp">
      <Filter>Source Files</Filter>
    </ClCompile>
    <ClCompile Include="medium\DS\364_NestedListWeightSum2.cpp">
      <Filter>Source Files</Filter>
    </ClCompile>
    <ClCompile Include="medium\Math\861_ScoreAfterFlippingMatrix.cpp">
      <Filter>Source Files</Filter>
    </ClCompile>
    <ClCompile Include="medium\string\544_OutputContestMatches.cpp">
      <Filter>Source Files</Filter>
    </ClCompile>
    <ClCompile Include="main.cpp">
      <Filter>Source Files</Filter>
    </ClCompile>
    <ClCompile Include="easy\BinarySearch\852_PeakIndexInAMountainArray.cpp">
      <Filter>Source Files</Filter>
    </ClCompile>
    <ClCompile Include="easy\Math\800_similar-rgb-color.cpp">
      <Filter>Source Files</Filter>
    </ClCompile>
    <ClCompile Include="easy\String\917_reverse-only-letters.cpp">
      <Filter>Source Files</Filter>
    </ClCompile>
    <ClCompile Include="easy\BinaryTree\429_NaryTreeLevelOrderTraversal.cpp">
      <Filter>Source Files</Filter>
    </ClCompile>
    <ClCompile Include="easy\Sort\937_ReorderLogFiles.cpp">
      <Filter>Source Files</Filter>
    </ClCompile>
    <ClCompile Include="easy\Array\243_ShortestWordDistance.cpp">
      <Filter>Source Files</Filter>
    </ClCompile>
    <ClCompile Include="easy\Math\892_SurfaceAreaof3DShapes.cpp">
      <Filter>Source Files</Filter>
    </ClCompile>
    <ClCompile Include="easy\Array\896_MonotonicArray.cpp">
      <Filter>Source Files</Filter>
    </ClCompile>
    <ClCompile Include="easy\Array\888_FairCandySwap.cpp">
      <Filter>Source Files</Filter>
    </ClCompile>
    <ClCompile Include="easy\String\893_groups-of-special-equivalent-strings.cpp">
      <Filter>Source Files</Filter>
    </ClCompile>
    <ClCompile Include="easy\Dict\884_uncommon-words-from-two-sentences.cpp">
      <Filter>Source Files</Filter>
    </ClCompile>
    <ClCompile Include="easy\DS\427_construct-quad-tree.cpp">
      <Filter>Source Files</Filter>
    </ClCompile>
    <ClCompile Include="easy\Sort\252_meeting-rooms.cpp">
      <Filter>Source Files</Filter>
    </ClCompile>
    <ClCompile Include="easy\DS\706_design-hashmap.cpp">
      <Filter>Source Files</Filter>
    </ClCompile>
    <ClCompile Include="easy\Greedy\860_lemonade-change.cpp">
      <Filter>Source Files</Filter>
    </ClCompile>
    <ClCompile Include="easy\DP\877_stone-game.cpp">
      <Filter>Source Files</Filter>
    </ClCompile>
    <ClCompile Include="easy\Math\256_paint-house.cpp">
      <Filter>Source Files</Filter>
    </ClCompile>
    <ClCompile Include="easy\BinaryTree\559_maximum-depth-of-n-ary-tree.cpp">
      <Filter>Source Files</Filter>
    </ClCompile>
    <ClCompile Include="easy\DS\705_design-hashset.cpp">
      <Filter>Source Files</Filter>
    </ClCompile>
    <ClCompile Include="easy\Dict\929_unique-email-addresses.cpp">
      <Filter>Source Files</Filter>
    </ClCompile>
    <ClCompile Include="easy\Regular\944_delete-columns-to-make-sorted.cpp">
      <Filter>Source Files</Filter>
    </ClCompile>
    <ClCompile Include="easy\Array\905_sort-array-by-parity.cpp">
      <Filter>Source Files</Filter>
    </ClCompile>
    <ClCompile Include="easy\Math\942_di-string-match.cpp">
      <Filter>Source Files</Filter>
    </ClCompile>
  </ItemGroup>
  <ItemGroup>
    <ClInclude Include="stdafx.h">
      <Filter>Header Files</Filter>
    </ClInclude>
  </ItemGroup>
</Project>